{
  "nodes": {
    "elm-spa": {
      "inputs": {
        "nixpkgs": [
          "mkElmDerivation",
          "nixpkgs"
        ]
      },
      "locked": {
        "lastModified": 1706301604,
        "narHash": "sha256-n6LDjnPCTLbKTrRgeZhlLTfY6V45xNYcb4NYEMuO4jg=",
        "owner": "jeslie0",
        "repo": "elm-spa",
        "rev": "4c82e18d5fcf9d4c027f0ef0e89204dd87584f7f",
        "type": "github"
      },
      "original": {
        "owner": "jeslie0",
        "repo": "elm-spa",
        "type": "github"
      }
    },
    "elm-watch": {
      "inputs": {
        "nixpkgs": [
          "mkElmDerivation",
          "nixpkgs"
        ],
        "npm-fix": "npm-fix",
        "npmlock2nix": "npmlock2nix"
      },
      "locked": {
        "lastModified": 1706304401,
        "narHash": "sha256-992cypnhoRbsGkDc5/X241rafBML4EP0EuT6cBcaY/8=",
        "owner": "jeslie0",
        "repo": "elm-watch",
        "rev": "2f1c6c0e69b163c15e2ce66f543c38021b2a0ea3",
        "type": "github"
      },
      "original": {
        "owner": "jeslie0",
        "repo": "elm-watch",
        "type": "github"
      }
    },
    "mkElmDerivation": {
      "inputs": {
        "elm-spa": "elm-spa",
        "elm-watch": "elm-watch",
        "nixpkgs": [
          "nixpkgs"
        ]
      },
      "locked": {
        "lastModified": 1776567106,
        "narHash": "sha256-0njq7uAwIe+qA3KZKEbsODb/Ku7NaYNGqfnG7vBB0ME=",
        "owner": "jeslie0",
        "repo": "mkElmDerivation",
        "rev": "fd8f45f107322a936fe6ca36595366a2484726dd",
        "type": "github"
      },
      "original": {
        "owner": "jeslie0",
        "repo": "mkElmDerivation",
        "type": "github"
      }
    },
    "nixpkgs": {
      "locked": {
        "lastModified": 1776548001,
        "narHash": "sha256-ZSK0NL4a1BwVbbTBoSnWgbJy9HeZFXLYQizjb2DPF24=",
        "owner": "NixOS",
        "repo": "nixpkgs",
        "rev": "b12141ef619e0a9c1c84dc8c684040326f27cdcc",
        "type": "github"
      },
      "original": {
        "id": "nixpkgs",
        "ref": "nixos-unstable",
        "type": "indirect"
      }
    },
    "npm-fix": {
      "inputs": {
        "nixpkgs": [
          "mkElmDerivation",
          "elm-watch",
          "nixpkgs"
        ]
      },
      "locked": {
        "lastModified": 1706304213,
        "narHash": "sha256-XN9ESRSOANR0iFbEMMY1C1jvgZlYJsXQYVAHxxRmn+c=",
        "owner": "jeslie0",
        "repo": "npm-lockfile-fix",
        "rev": "e9851274afa12b04d98e694ed089aa9cde8d7349",
        "type": "github"
      },
      "original": {
        "owner": "jeslie0",
        "repo": "npm-lockfile-fix",
        "type": "github"
      }
    },
    "npmlock2nix": {
      "flake": false,
      "locked": {
        "lastModified": 1673447413,
        "narHash": "sha256-sJM82Sj8yfQYs9axEmGZ9Evzdv/kDcI9sddqJ45frrU=",
        "owner": "nix-community",
        "repo": "npmlock2nix",
        "rev": "9197bbf397d76059a76310523d45df10d2e4ca81",
        "type": "github"
      },
      "original": {
        "owner": "nix-community",
        "repo": "npmlock2nix",
        "type": "github"
      }
    },
    "root": {
      "inputs": {
        "mkElmDerivation": "mkElmDerivation",
        "nixpkgs": "nixpkgs"
      }
    }
  },
  "root": "root",
  "version": 7
}
